[[package]]
name = "altgraph"
version = "0.17.4"
description = "Python graph (network) package"
category = "dev"
optional = false
python-versions = "*"

[[package]]
name = "macholib"
version = "1.16.3"
description = "Mach-O header analysis and editing"
category = "dev"
optional = false
python-versions = "*"

[package.dependencies]
altgraph = ">=0.17"

[[package]]
name = "packaging"
version = "23.2"
description = "Core utilities for Python packages"
category = "dev"
optional = false
python-versions = ">=3.7"

[[package]]
name = "pefile"
version = "2023.2.7"
description = "Python PE parsing module"
category = "dev"
optional = false
python-versions = ">=3.6.0"

[[package]]
name = "pyinstaller"
version = "6.2.0"
description = "PyInstaller bundles a Python application and all its dependencies into a single package."
category = "dev"
optional = false
python-versions = "<3.13,>=3.8"

[package.dependencies]
altgraph = "*"
macholib = {version = ">=1.8", markers = "sys_platform == \"darwin\""}
packaging = ">=22.0"
pefile = {version = ">=2022.5.30", markers = "sys_platform == \"win32\""}
pyinstaller-hooks-contrib = ">=2021.4"
pywin32-ctypes = {version = ">=0.2.1", markers = "sys_platform == \"win32\""}

[package.extras]
completion = ["argcomplete"]
hook_testing = ["pytest (>=2.7.3)", "execnet (>=1.5.0)", "psutil"]

[[package]]
name = "pyinstaller-hooks-contrib"
version = "2023.10"
description = "Community maintained hooks for PyInstaller"
category = "dev"
optional = false
python-versions = ">=3.7"

[[package]]
name = "pyqt6"
version = "6.6.0"
description = "Python bindings for the Qt cross platform application toolkit"
category = "main"
optional = false
python-versions = ">=3.6.1"

[package.dependencies]
PyQt6-Qt6 = ">=6.6.0"
PyQt6-sip = ">=13.6,<14"

[[package]]
name = "pyqt6-qt6"
version = "6.6.0"
description = "The subset of a Qt installation needed by PyQt6."
category = "main"
optional = false
python-versions = "*"

[[package]]
name = "pyqt6-sip"
version = "13.6.0"
description = "The sip module support for PyQt6"
category = "main"
optional = false
python-versions = ">=3.7"

[[package]]
name = "pywin32-ctypes"
version = "0.2.2"
description = "A (partial) reimplementation of pywin32 using ctypes/cffi"
category = "dev"
optional = false
python-versions = ">=3.6"

[metadata]
lock-version = "1.1"
python-versions = "^3.10,<3.13"
content-hash = "ae3503aab26f2fba79a07b3d7746e0f869a0a8124f1f7699c27e90c194fce460"

[metadata.files]
altgraph = []
macholib = []
packaging = []
pefile = []
pyinstaller = []
pyinstaller-hooks-contrib = []
pyqt6 = []
pyqt6-qt6 = []
pyqt6-sip = []
pywin32-ctypes = []
